
Microsoft Visual Studio Solution File, Format Version 12.00
# Visual Studio 15
VisualStudioVersion = 15.0.26730.3
MinimumVisualStudioVersion = 10.0.40219.1
Project("{9A19103F-16F7-4668-BE54-9A1E7A4F7556}") = "Percheron.Core", "Percheron.Core\Percheron.Core.csproj", "{53A34DE6-57D8-45D2-99FB-36BD2638BE7E}"
EndProject
Project("{9A19103F-16F7-4668-BE54-9A1E7A4F7556}") = "Percheron.Interfaces", "Percheron.Interfaces\Percheron.Interfaces.csproj", "{9274C186-FDA2-441D-A061-4C129336511B}"
EndProject
Project("{FAE04EC0-301F-11D3-BF4B-00C04F79EFBC}") = "Percheron.Client", "Percheron.Client\Percheron.Client.csproj", "{8CB8AC98-9B3B-481F-9C8A-A090BADA9977}"
EndProject
Project("{9A19103F-16F7-4668-BE54-9A1E7A4F7556}") = "Percheron.API", "Percheron.API\Percheron.API.csproj", "{C3D551EA-5CA0-4A0F-8425-66D52CD5CD34}"
EndProject
Project("{FAE04EC0-301F-11D3-BF4B-00C04F79EFBC}") = "Percheron.Test", "Percheron.Test\Percheron.Test.csproj", "{C68C53AD-CE46-4F6D-A7F6-A373B74BB422}"
EndProject
Global
	GlobalSection(SolutionConfigurationPlatforms) = preSolution
		Debug|Any CPU = Debug|Any CPU
		Release|Any CPU = Release|Any CPU
	EndGlobalSection
	GlobalSection(ProjectConfigurationPlatforms) = postSolution
		{53A34DE6-57D8-45D2-99FB-36BD2638BE7E}.Debug|Any CPU.ActiveCfg = Debug|Any CPU
		{53A34DE6-57D8-45D2-99FB-36BD2638BE7E}.Debug|Any CPU.Build.0 = Debug|Any CPU
		{53A34DE6-57D8-45D2-99FB-36BD2638BE7E}.Release|Any CPU.ActiveCfg = Release|Any CPU
		{53A34DE6-57D8-45D2-99FB-36BD2638BE7E}.Release|Any CPU.Build.0 = Release|Any CPU
		{9274C186-FDA2-441D-A061-4C129336511B}.Debug|Any CPU.ActiveCfg = Debug|Any CPU
		{9274C186-FDA2-441D-A061-4C129336511B}.Debug|Any CPU.Build.0 = Debug|Any CPU
		{9274C186-FDA2-441D-A061-4C129336511B}.Release|Any CPU.ActiveCfg = Release|Any CPU
		{9274C186-FDA2-441D-A061-4C129336511B}.Release|Any CPU.Build.0 = Release|Any CPU
		{8CB8AC98-9B3B-481F-9C8A-A090BADA9977}.Debug|Any CPU.ActiveCfg = Debug|Any CPU
		{8CB8AC98-9B3B-481F-9C8A-A090BADA9977}.Debug|Any CPU.Build.0 = Debug|Any CPU
		{8CB8AC98-9B3B-481F-9C8A-A090BADA9977}.Release|Any CPU.ActiveCfg = Release|Any CPU
		{8CB8AC98-9B3B-481F-9C8A-A090BADA9977}.Release|Any CPU.Build.0 = Release|Any CPU
		{C3D551EA-5CA0-4A0F-8425-66D52CD5CD34}.Debug|Any CPU.ActiveCfg = Debug|Any CPU
		{C3D551EA-5CA0-4A0F-8425-66D52CD5CD34}.Debug|Any CPU.Build.0 = Debug|Any CPU
		{C3D551EA-5CA0-4A0F-8425-66D52CD5CD34}.Release|Any CPU.ActiveCfg = Release|Any CPU
		{C3D551EA-5CA0-4A0F-8425-66D52CD5CD34}.Release|Any CPU.Build.0 = Release|Any CPU
		{C68C53AD-CE46-4F6D-A7F6-A373B74BB422}.Debug|Any CPU.ActiveCfg = Debug|Any CPU
		{C68C53AD-CE46-4F6D-A7F6-A373B74BB422}.Debug|Any CPU.Build.0 = Debug|Any CPU
		{C68C53AD-CE46-4F6D-A7F6-A373B74BB422}.Release|Any CPU.ActiveCfg = Release|Any CPU
		{C68C53AD-CE46-4F6D-A7F6-A373B74BB422}.Release|Any CPU.Build.0 = Release|Any CPU
	EndGlobalSection
	GlobalSection(SolutionProperties) = preSolution
		HideSolutionNode = FALSE
	EndGlobalSection
	GlobalSection(ExtensibilityGlobals) = postSolution
		SolutionGuid = {83824F3F-21A1-42AC-B245-F3FE4BDC81E2}
	EndGlobalSection
EndGlobal
